
Microsoft Visual Studio Solution File, Format Version 12.00
# Visual Studio 15
VisualStudioVersion = 15.0.28010.2016
MinimumVisualStudioVersion = 10.0.40219.1
Project("{8BC9CEB8-8B4A-11D0-8D11-00A0C91BC942}") = "DX12withSDL", "DX12withSDL\DX12withSDL.vcxproj", "{F1E041FE-98B5-4007-AB69-D8D6B44AC334}"
EndProject
Project("{8BC9CEB8-8B4A-11D0-8D11-00A0C91BC942}") = "D3D12Renderer", "D3D12Renderer\D3D12Renderer.vcxproj", "{0FE54DA6-25DF-4C9D-BCCD-CDC7168EED9C}"
EndProject
Global
	GlobalSection(SolutionConfigurationPlatforms) = preSolution
		Debug|x64 = Debug|x64
		Debug|x86 = Debug|x86
		Release|x64 = Release|x64
		Release|x86 = Release|x86
	EndGlobalSection
	GlobalSection(ProjectConfigurationPlatforms) = postSolution
		{F1E041FE-98B5-4007-AB69-D8D6B44AC334}.Debug|x64.ActiveCfg = Debug|x64
		{F1E041FE-98B5-4007-AB69-D8D6B44AC334}.Debug|x64.Build.0 = Debug|x64
		{F1E041FE-98B5-4007-AB69-D8D6B44AC334}.Debug|x86.ActiveCfg = Debug|Win32
		{F1E041FE-98B5-4007-AB69-D8D6B44AC334}.Debug|x86.Build.0 = Debug|Win32
		{F1E041FE-98B5-4007-AB69-D8D6B44AC334}.Release|x64.ActiveCfg = Release|x64
		{F1E041FE-98B5-4007-AB69-D8D6B44AC334}.Release|x64.Build.0 = Release|x64
		{F1E041FE-98B5-4007-AB69-D8D6B44AC334}.Release|x86.ActiveCfg = Release|Win32
		{F1E041FE-98B5-4007-AB69-D8D6B44AC334}.Release|x86.Build.0 = Release|Win32
		{0FE54DA6-25DF-4C9D-BCCD-CDC7168EED9C}.Debug|x64.ActiveCfg = Debug|x64
		{0FE54DA6-25DF-4C9D-BCCD-CDC7168EED9C}.Debug|x64.Build.0 = Debug|x64
		{0FE54DA6-25DF-4C9D-BCCD-CDC7168EED9C}.Debug|x86.ActiveCfg = Debug|Win32
		{0FE54DA6-25DF-4C9D-BCCD-CDC7168EED9C}.Debug|x86.Build.0 = Debug|Win32
		{0FE54DA6-25DF-4C9D-BCCD-CDC7168EED9C}.Release|x64.ActiveCfg = Release|x64
		{0FE54DA6-25DF-4C9D-BCCD-CDC7168EED9C}.Release|x64.Build.0 = Release|x64
		{0FE54DA6-25DF-4C9D-BCCD-CDC7168EED9C}.Release|x86.ActiveCfg = Release|Win32
		{0FE54DA6-25DF-4C9D-BCCD-CDC7168EED9C}.Release|x86.Build.0 = Release|Win32
	EndGlobalSection
	GlobalSection(SolutionProperties) = preSolution
		HideSolutionNode = FALSE
	EndGlobalSection
	GlobalSection(ExtensibilityGlobals) = postSolution
		SolutionGuid = {B4BBC7CE-8A63-4966-815B-2AAD035E2689}
	EndGlobalSection
EndGlobal
