<?xml version="1.0" encoding="utf-8"?>
<Project ToolsVersion="4.0" xmlns="http://schemas.microsoft.com/developer/msbuild/2003">
  <ItemGroup>
    <Filter Include="Source Files">
      <UniqueIdentifier>{4FC737F1-C7A5-4376-A066-2A32D752A2FF}</UniqueIdentifier>
      <Extensions>cpp;c;cc;cxx;def;odl;idl;hpj;bat;asm;asmx</Extensions>
    </Filter>
    <Filter Include="Header Files">
      <UniqueIdentifier>{93995380-89BD-4b04-88EB-625FBE52EBFB}</UniqueIdentifier>
      <Extensions>h;hh;hpp;hxx;hm;inl;inc;ipp;xsd</Extensions>
    </Filter>
    <Filter Include="Resource Files">
      <UniqueIdentifier>{67DA6AB6-F800-4c08-8B7A-83BB121AAD01}</UniqueIdentifier>
      <Extensions>rc;ico;cur;bmp;dlg;rc2;rct;bin;rgs;gif;jpg;jpeg;jpe;resx;tiff;tif;png;wav;mfcribbon-ms</Extensions>
    </Filter>
    <Filter Include="Source Files\Components">
      <UniqueIdentifier>{695c59e6-0872-4334-b214-f7df206cd732}</UniqueIdentifier>
    </Filter>
    <Filter Include="Source Files\ResourceTypes">
      <UniqueIdentifier>{bdf7cdc8-1af7-486c-bc5b-b189f5184fa7}</UniqueIdentifier>
    </Filter>
    <Filter Include="Source Files\Systems">
      <UniqueIdentifier>{15aafc31-9007-4da1-bbeb-595bb5923a8f}</UniqueIdentifier>
    </Filter>
    <Filter Include="Source Files\ResourceLoaders">
      <UniqueIdentifier>{3e64ced3-c9d5-431e-8813-24378a9999a7}</UniqueIdentifier>
    </Filter>
    <Filter Include="Source Files\D3D12Renderer">
      <UniqueIdentifier>{49b556bf-cb93-4fa3-bbf2-cde47d328f59}</UniqueIdentifier>
    </Filter>
    <Filter Include="Source Files\D3D12Renderer\include">
      <UniqueIdentifier>{87d5c1e2-f865-4c0f-942a-d8320932a904}</UniqueIdentifier>
    </Filter>
    <Filter Include="Source Files\D3D12Renderer\include\d3d12renderer">
      <UniqueIdentifier>{8a8679e7-64bd-4b9d-bb92-06bd8e071d0d}</UniqueIdentifier>
    </Filter>
    <Filter Include="Source Files\D3D12Renderer\GpuResourceLoaders">
      <UniqueIdentifier>{49892157-ace7-4be1-aace-f586eee54127}</UniqueIdentifier>
    </Filter>
    <Filter Include="Source Files\D3D12Renderer\GpuResourceTypes">
      <UniqueIdentifier>{5c844974-5ce2-48b0-8cb3-2ba44cd6f25e}</UniqueIdentifier>
    </Filter>
    <Filter Include="Source Files\D3D12Renderer\include\d3d12renderer\GpuResourceLoaders">
      <UniqueIdentifier>{b1fd6d81-71a9-4f4f-bc2d-92cc20de56dd}</UniqueIdentifier>
    </Filter>
    <Filter Include="Source Files\D3D12Renderer\include\d3d12renderer\GpuResourceTypes">
      <UniqueIdentifier>{54cc0a0d-da9f-4184-b1f0-7e9a984ad181}</UniqueIdentifier>
    </Filter>
  </ItemGroup>
  <ItemGroup>
    <ClInclude Include="Components\MeshComponent.h">
      <Filter>Source Files\Components</Filter>
    </ClInclude>
    <ClInclude Include="Components\TransformComponent.h">
      <Filter>Source Files\Components</Filter>
    </ClInclude>
    <ClInclude Include="Components\InputComponent.h">
      <Filter>Source Files\Components</Filter>
    </ClInclude>
    <ClInclude Include="Systems\InputSystem.h">
      <Filter>Source Files\Systems</Filter>
    </ClInclude>
    <ClInclude Include="Systems\System.h">
      <Filter>Source Files\Systems</Filter>
    </ClInclude>
    <ClInclude Include="ResourceTypes\Mesh.h">
      <Filter>Source Files\ResourceTypes</Filter>
    </ClInclude>
    <ClInclude Include="ResourceLoaders\TriangleMeshLoader.h">
      <Filter>Source Files\ResourceLoaders</Filter>
    </ClInclude>
    <ClInclude Include="include\ConstantBufferPool.hpp">
      <Filter>Header Files</Filter>
    </ClInclude>
    <ClInclude Include="include\d3dx12.h">
      <Filter>Header Files</Filter>
    </ClInclude>
    <ClInclude Include="include\ecs_typedefs.h">
      <Filter>Header Files</Filter>
    </ClInclude>
    <ClInclude Include="include\Engine.h">
      <Filter>Header Files</Filter>
    </ClInclude>
    <ClInclude Include="include\HashedString.h">
      <Filter>Header Files</Filter>
    </ClInclude>
    <ClInclude Include="include\helpers.h">
      <Filter>Header Files</Filter>
    </ClInclude>
    <ClInclude Include="include\LogUtils.h">
      <Filter>Header Files</Filter>
    </ClInclude>
    <ClInclude Include="include\pch.h">
      <Filter>Header Files</Filter>
    </ClInclude>
    <ClInclude Include="include\PerfCounter.h">
      <Filter>Header Files</Filter>
    </ClInclude>
    <ClInclude Include="include\ResourceBase.hpp">
      <Filter>Header Files</Filter>
    </ClInclude>
    <ClInclude Include="include\ResourceCache.hpp">
      <Filter>Header Files</Filter>
    </ClInclude>
    <ClInclude Include="include\ResourceLoader.hpp">
      <Filter>Header Files</Filter>
    </ClInclude>
    <ClInclude Include="include\ResourceManager.h">
      <Filter>Header Files</Filter>
    </ClInclude>
    <ClInclude Include="include\Shader.h">
      <Filter>Header Files</Filter>
    </ClInclude>
    <ClInclude Include="include\textureloader.h">
      <Filter>Header Files</Filter>
    </ClInclude>
    <ClInclude Include="include\TimeCounter.h">
      <Filter>Header Files</Filter>
    </ClInclude>
    <ClInclude Include="include\Universe.h">
      <Filter>Header Files</Filter>
    </ClInclude>
    <ClInclude Include="include\VertexTypes.h">
      <Filter>Header Files</Filter>
    </ClInclude>
    <ClInclude Include="Systems\RenderSystem.h">
      <Filter>Source Files\Systems</Filter>
    </ClInclude>
    <ClInclude Include="D3D12Renderer\RenderNode.h">
      <Filter>Source Files\D3D12Renderer</Filter>
    </ClInclude>
    <ClInclude Include="D3D12Renderer\include\d3d12renderer\D3D12Renderer.h">
      <Filter>Source Files\D3D12Renderer\include\d3d12renderer</Filter>
    </ClInclude>
    <ClInclude Include="D3D12Renderer\include\d3d12renderer\GpuResourceManager.h">
      <Filter>Source Files\D3D12Renderer\include\d3d12renderer</Filter>
    </ClInclude>
    <ClInclude Include="Components\RendererIdComponent.h">
      <Filter>Source Files\Components</Filter>
    </ClInclude>
    <ClInclude Include="D3D12Renderer\include\d3d12renderer\GpuResourceTypes\GpuMesh.h">
      <Filter>Source Files\D3D12Renderer\include\d3d12renderer\GpuResourceTypes</Filter>
    </ClInclude>
    <ClInclude Include="D3D12Renderer\include\d3d12renderer\GpuResourceLoaders\GpuMeshLoader.h">
      <Filter>Source Files\D3D12Renderer\include\d3d12renderer\GpuResourceLoaders</Filter>
    </ClInclude>
    <ClInclude Include="Components\CameraComponent.h">
      <Filter>Source Files\Components</Filter>
    </ClInclude>
    <ClInclude Include="Systems\CameraSystem.h">
      <Filter>Source Files\Systems</Filter>
    </ClInclude>
    <ClInclude Include="D3D12Renderer\Camera.h">
      <Filter>Source Files\D3D12Renderer</Filter>
    </ClInclude>
    <ClInclude Include="ResourceLoaders\SphereMeshLoader.h">
      <Filter>Source Files\ResourceLoaders</Filter>
    </ClInclude>
    <ClInclude Include="CommonHelpers.h">
      <Filter>Header Files</Filter>
    </ClInclude>
    <ClInclude Include="ResourceLoaders\PlaneMeshLoader.h">
      <Filter>Source Files\ResourceLoaders</Filter>
    </ClInclude>
  </ItemGroup>
  <ItemGroup>
    <ClCompile Include="pch.cpp">
      <Filter>Source Files</Filter>
    </ClCompile>
    <ClCompile Include="main.cpp">
      <Filter>Source Files</Filter>
    </ClCompile>
    <ClCompile Include="LogUtils.cpp">
      <Filter>Source Files</Filter>
    </ClCompile>
    <ClCompile Include="Shader.cpp">
      <Filter>Source Files</Filter>
    </ClCompile>
    <ClCompile Include="Engine.cpp">
      <Filter>Source Files</Filter>
    </ClCompile>
    <ClCompile Include="Universe.cpp">
      <Filter>Source Files</Filter>
    </ClCompile>
    <ClCompile Include="Components\MeshComponent.cpp">
      <Filter>Source Files\Components</Filter>
    </ClCompile>
    <ClCompile Include="Components\TransformComponent.cpp">
      <Filter>Source Files\Components</Filter>
    </ClCompile>
    <ClCompile Include="Components\InputComponent.cpp">
      <Filter>Source Files\Components</Filter>
    </ClCompile>
    <ClCompile Include="Systems\InputSystem.cpp">
      <Filter>Source Files\Systems</Filter>
    </ClCompile>
    <ClCompile Include="ResourceTypes\Mesh.cpp">
      <Filter>Source Files\ResourceTypes</Filter>
    </ClCompile>
    <ClCompile Include="ResourceManager.cpp">
      <Filter>Source Files</Filter>
    </ClCompile>
    <ClCompile Include="ResourceLoaders\TriangleMeshLoader.cpp">
      <Filter>Source Files\ResourceLoaders</Filter>
    </ClCompile>
    <ClCompile Include="Systems\RenderSystem.cpp">
      <Filter>Source Files\Systems</Filter>
    </ClCompile>
    <ClCompile Include="D3D12Renderer\RenderNode.cpp">
      <Filter>Source Files\D3D12Renderer</Filter>
    </ClCompile>
    <ClCompile Include="D3D12Renderer\D3D12Renderer.cpp">
      <Filter>Source Files\D3D12Renderer</Filter>
    </ClCompile>
    <ClCompile Include="D3D12Renderer\GpuResourceLoaders\GpuMeshLoader.cpp">
      <Filter>Source Files\D3D12Renderer\GpuResourceLoaders</Filter>
    </ClCompile>
    <ClCompile Include="D3D12Renderer\GpuResourceTypes\GpuMesh.cpp">
      <Filter>Source Files\D3D12Renderer\GpuResourceTypes</Filter>
    </ClCompile>
    <ClCompile Include="D3D12Renderer\GpuResourceManager.cpp">
      <Filter>Source Files\D3D12Renderer</Filter>
    </ClCompile>
    <ClCompile Include="Components\RendererIdComponent.cpp">
      <Filter>Source Files\Components</Filter>
    </ClCompile>
    <ClCompile Include="Components\CameraComponent.cpp">
      <Filter>Source Files\Components</Filter>
    </ClCompile>
    <ClCompile Include="Systems\CameraSystem.cpp">
      <Filter>Source Files\Systems</Filter>
    </ClCompile>
    <ClCompile Include="D3D12Renderer\Camera.cpp">
      <Filter>Source Files\D3D12Renderer</Filter>
    </ClCompile>
    <ClCompile Include="ResourceLoaders\SphereMeshLoader.cpp">
      <Filter>Source Files\ResourceLoaders</Filter>
    </ClCompile>
    <ClCompile Include="ResourceLoaders\PlaneMeshLoader.cpp">
      <Filter>Source Files\ResourceLoaders</Filter>
    </ClCompile>
  </ItemGroup>
</Project>