<?xml version="1.0" encoding="utf-8"?>
<Project ToolsVersion="4.0" xmlns="http://schemas.microsoft.com/developer/msbuild/2003">
  <ItemGroup>
    <Filter Include="Source Files">
      <UniqueIdentifier>{4FC737F1-C7A5-4376-A066-2A32D752A2FF}</UniqueIdentifier>
      <Extensions>cpp;c;cc;cxx;def;odl;idl;hpj;bat;asm;asmx</Extensions>
    </Filter>
    <Filter Include="Header Files">
      <UniqueIdentifier>{93995380-89BD-4b04-88EB-625FBE52EBFB}</UniqueIdentifier>
      <Extensions>h;hh;hpp;hxx;hm;inl;inc;ipp;xsd</Extensions>
    </Filter>
    <Filter Include="Resource Files">
      <UniqueIdentifier>{67DA6AB6-F800-4c08-8B7A-83BB121AAD01}</UniqueIdentifier>
      <Extensions>rc;ico;cur;bmp;dlg;rc2;rct;bin;rgs;gif;jpg;jpeg;jpe;resx;tiff;tif;png;wav;mfcribbon-ms</Extensions>
    </Filter>
    <Filter Include="Source Files\Components">
      <UniqueIdentifier>{695c59e6-0872-4334-b214-f7df206cd732}</UniqueIdentifier>
    </Filter>
    <Filter Include="Source Files\ResourceTypes">
      <UniqueIdentifier>{bdf7cdc8-1af7-486c-bc5b-b189f5184fa7}</UniqueIdentifier>
    </Filter>
    <Filter Include="Source Files\Systems">
      <UniqueIdentifier>{15aafc31-9007-4da1-bbeb-595bb5923a8f}</UniqueIdentifier>
    </Filter>
    <Filter Include="Source Files\ResourceLoaders">
      <UniqueIdentifier>{3e64ced3-c9d5-431e-8813-24378a9999a7}</UniqueIdentifier>
    </Filter>
  </ItemGroup>
  <ItemGroup>
    <ClInclude Include="Components\MeshComponent.h">
      <Filter>Source Files\Components</Filter>
    </ClInclude>
    <ClInclude Include="Components\TransformComponent.h">
      <Filter>Source Files\Components</Filter>
    </ClInclude>
    <ClInclude Include="Components\InputComponent.h">
      <Filter>Source Files\Components</Filter>
    </ClInclude>
    <ClInclude Include="Systems\InputSystem.h">
      <Filter>Source Files\Systems</Filter>
    </ClInclude>
    <ClInclude Include="Systems\System.h">
      <Filter>Source Files\Systems</Filter>
    </ClInclude>
    <ClInclude Include="ResourceTypes\Mesh.h">
      <Filter>Source Files\ResourceTypes</Filter>
    </ClInclude>
    <ClInclude Include="ResourceLoaders\TriangleMeshLoader.h">
      <Filter>Source Files\ResourceLoaders</Filter>
    </ClInclude>
    <ClInclude Include="include\ConstantBufferPool.hpp">
      <Filter>Header Files</Filter>
    </ClInclude>
    <ClInclude Include="include\d3dx12.h">
      <Filter>Header Files</Filter>
    </ClInclude>
    <ClInclude Include="include\ecs_typedefs.h">
      <Filter>Header Files</Filter>
    </ClInclude>
    <ClInclude Include="include\Engine.h">
      <Filter>Header Files</Filter>
    </ClInclude>
    <ClInclude Include="include\HashedString.h">
      <Filter>Header Files</Filter>
    </ClInclude>
    <ClInclude Include="include\helpers.h">
      <Filter>Header Files</Filter>
    </ClInclude>
    <ClInclude Include="include\LogUtils.h">
      <Filter>Header Files</Filter>
    </ClInclude>
    <ClInclude Include="include\pch.h">
      <Filter>Header Files</Filter>
    </ClInclude>
    <ClInclude Include="include\PerfCounter.h">
      <Filter>Header Files</Filter>
    </ClInclude>
    <ClInclude Include="include\RendererD3D12.h">
      <Filter>Header Files</Filter>
    </ClInclude>
    <ClInclude Include="include\RenderNode.h">
      <Filter>Header Files</Filter>
    </ClInclude>
    <ClInclude Include="include\ResourceBase.hpp">
      <Filter>Header Files</Filter>
    </ClInclude>
    <ClInclude Include="include\ResourceCache.hpp">
      <Filter>Header Files</Filter>
    </ClInclude>
    <ClInclude Include="include\ResourceLoader.hpp">
      <Filter>Header Files</Filter>
    </ClInclude>
    <ClInclude Include="include\ResourceManager.h">
      <Filter>Header Files</Filter>
    </ClInclude>
    <ClInclude Include="include\Shader.h">
      <Filter>Header Files</Filter>
    </ClInclude>
    <ClInclude Include="include\textureloader.h">
      <Filter>Header Files</Filter>
    </ClInclude>
    <ClInclude Include="include\TimeCounter.h">
      <Filter>Header Files</Filter>
    </ClInclude>
    <ClInclude Include="include\Universe.h">
      <Filter>Header Files</Filter>
    </ClInclude>
    <ClInclude Include="include\VertexTypes.h">
      <Filter>Header Files</Filter>
    </ClInclude>
  </ItemGroup>
  <ItemGroup>
    <ClCompile Include="pch.cpp">
      <Filter>Source Files</Filter>
    </ClCompile>
    <ClCompile Include="main.cpp">
      <Filter>Source Files</Filter>
    </ClCompile>
    <ClCompile Include="LogUtils.cpp">
      <Filter>Source Files</Filter>
    </ClCompile>
    <ClCompile Include="RendererD3D12.cpp">
      <Filter>Source Files</Filter>
    </ClCompile>
    <ClCompile Include="RenderNode.cpp">
      <Filter>Source Files</Filter>
    </ClCompile>
    <ClCompile Include="Shader.cpp">
      <Filter>Source Files</Filter>
    </ClCompile>
    <ClCompile Include="Engine.cpp">
      <Filter>Source Files</Filter>
    </ClCompile>
    <ClCompile Include="Universe.cpp">
      <Filter>Source Files</Filter>
    </ClCompile>
    <ClCompile Include="Components\MeshComponent.cpp">
      <Filter>Source Files\Components</Filter>
    </ClCompile>
    <ClCompile Include="Components\TransformComponent.cpp">
      <Filter>Source Files\Components</Filter>
    </ClCompile>
    <ClCompile Include="Components\InputComponent.cpp">
      <Filter>Source Files\Components</Filter>
    </ClCompile>
    <ClCompile Include="Systems\InputSystem.cpp">
      <Filter>Source Files\Systems</Filter>
    </ClCompile>
    <ClCompile Include="ResourceTypes\Mesh.cpp">
      <Filter>Source Files\ResourceTypes</Filter>
    </ClCompile>
    <ClCompile Include="ResourceManager.cpp">
      <Filter>Source Files</Filter>
    </ClCompile>
    <ClCompile Include="ResourceLoaders\TriangleMeshLoader.cpp">
      <Filter>Source Files\ResourceLoaders</Filter>
    </ClCompile>
  </ItemGroup>
</Project>